version = 1

[[package]]
name = "conformance-for-loop-requires-iteration-protocol"
version = "0.1.0"
source = "path:fail/for_loop_requires_iteration_protocol"

[[package]]
name = "conformance-comparison-owned-resource-move"
version = "0.1.0"
source = "path:fail/comparison_owned_resource_move"

[[package]]
name = "conformance-comparison-predictable-diagnostic"
version = "0.1.0"
source = "path:fail/comparison_predictable_diagnostic"

[[package]]
name = "conformance-match-guard-not-supported"
version = "0.1.0"
source = "path:fail/match_guard_not_supported"

[[package]]
name = "conformance-mutable-borrow-while-shared-live"
version = "0.1.0"
source = "path:fail/mutable_borrow_while_shared_live"

[[package]]
name = "conformance-named-nested-match-pattern-not-supported"
version = "0.1.0"
source = "path:fail/named_nested_match_pattern_not_supported"

[[package]]
name = "conformance-nested-match-pattern-not-supported"
version = "0.1.0"
source = "path:fail/nested_match_pattern_not_supported"

[[package]]
name = "conformance-ownership-use-after-move"
version = "0.1.0"
source = "path:fail/ownership_use_after_move"

[[package]]
name = "conformance-package-visibility-dependency-boundary"
version = "0.1.0"
source = "path:fail/package_visibility_dependency_boundary"

[[package]]
name = "core"
version = "0.1.0"
source = "path:fail/package_visibility_dependency_boundary/deps/core"

[[package]]
name = "conformance-panic-rejects-multiple-arguments"
version = "0.1.0"
source = "path:fail/panic_rejects_multiple_arguments"

[[package]]
name = "conformance-panic-rejects-type-arguments"
version = "0.1.0"
source = "path:fail/panic_rejects_type_arguments"

[[package]]
name = "conformance-panic-rejects-unreachable-statement"
version = "0.1.0"
source = "path:fail/panic_rejects_unreachable_statement"

[[package]]
name = "conformance-panic-requires-single-argument"
version = "0.1.0"
source = "path:fail/panic_requires_single_argument"

[[package]]
name = "conformance-panic-requires-string-argument"
version = "0.1.0"
source = "path:fail/panic_requires_string_argument"

[[package]]
name = "conformance-recursive-enum-without-indirection"
version = "0.1.0"
source = "path:fail/recursive_enum_without_indirection"

[[package]]
name = "conformance-recursive-mutual-struct-without-indirection"
version = "0.1.0"
source = "path:fail/recursive_mutual_struct_without_indirection"

[[package]]
name = "conformance-recursive-struct-enum-without-indirection"
version = "0.1.0"
source = "path:fail/recursive_struct_enum_without_indirection"

[[package]]
name = "conformance-recursive-struct-without-indirection"
version = "0.1.0"
source = "path:fail/recursive_struct_without_indirection"

[[package]]
name = "conformance-result-ok-without-context"
version = "0.1.0"
source = "path:fail/result_ok_without_context"

[[package]]
name = "conformance-stdlib-clock-without-capability"
version = "0.1.0"
source = "path:fail/stdlib_clock_without_capability"

[[package]]
name = "conformance-collection-operations"
version = "0.1.0"
source = "path:pass/collection_operations"

[[package]]
name = "conformance-comparison-package-imports"
version = "0.1.0"
source = "path:pass/comparison_package_imports"

[[package]]
name = "conformance-comparison-strict-typing"
version = "0.1.0"
source = "path:pass/comparison_strict_typing"

[[package]]
name = "conformance-functions-across-modules"
version = "0.1.0"
source = "path:pass/functions_across_modules"

[[package]]
name = "conformance-legacy-core-programs"
version = "0.1.0"
source = "path:pass/legacy_core_programs"

[[package]]
name = "conformance-outcome-control-flow"
version = "0.1.0"
source = "path:pass/outcome_control_flow"

[[package]]
name = "conformance-package-local-modules"
version = "0.1.0"
source = "path:pass/package_local_modules"

[[package]]
name = "conformance-package-visibility"
version = "0.1.0"
source = "path:pass/package_visibility"

[[package]]
name = "conformance-struct-field-access"
version = "0.1.0"
source = "path:pass/struct_field_access"
