version = 1

[[package]]
name = "conformance-borrow-escape-enum-payload"
version = "0.1.0"
source = "path:fail/borrow_escape_enum_payload"

[[package]]
name = "conformance-borrow-escape-option-payload"
version = "0.1.0"
source = "path:fail/borrow_escape_option_payload"

[[package]]
name = "conformance-borrow-escape-result-payload"
version = "0.1.0"
source = "path:fail/borrow_escape_result_payload"

[[package]]
name = "conformance-borrow-escape-struct-field"
version = "0.1.0"
source = "path:fail/borrow_escape_struct_field"

[[package]]
name = "conformance-borrow-escape-tuple-element"
version = "0.1.0"
source = "path:fail/borrow_escape_tuple_element"

[[package]]
name = "conformance-closure-borrowed-slice-return"
version = "0.1.0"
source = "path:fail/closure_borrowed_slice_return"

[[package]]
name = "conformance-closure-captures-function-callee"
version = "0.1.0"
source = "path:fail/closure_captures_function_callee"

[[package]]
name = "conformance-closure-move-captured-non-copy"
version = "0.1.0"
source = "path:fail/closure_move_captured_non_copy"

[[package]]

name = "conformance-comparison-owned-resource-move"
version = "0.1.0"
source = "path:fail/comparison_owned_resource_move"

[[package]]
name = "conformance-comparison-predictable-diagnostic"
version = "0.1.0"
source = "path:fail/comparison_predictable_diagnostic"

[[package]]

name = "conformance-comparison-strict-type-mismatch"
version = "0.1.0"
source = "path:fail/comparison_strict_type_mismatch"

[[package]]
name = "conformance-double-mutable-borrow"
version = "0.1.0"
source = "path:fail/double_mutable_borrow"

[[package]]
name = "conformance-for-loop-requires-iteration-protocol"
version = "0.1.0"
source = "path:fail/for_loop_requires_iteration_protocol"

[[package]]

name = "conformance-import-cycle"
version = "0.1.0"
source = "path:fail/import_cycle"

[[package]]
name = "conformance-import-duplicate-export"
version = "0.1.0"
source = "path:fail/import_duplicate_export"

[[package]]
name = "conformance-import-missing-module"
version = "0.1.0"
source = "path:fail/import_missing_module"

[[package]]
name = "conformance-import-path-escape"
version = "0.1.0"
source = "path:fail/import_path_escape"

[[package]]
name = "conformance-import-reserved-namespace"
version = "0.1.0"
source = "path:fail/import_reserved_namespace"

[[package]]
name = "conformance-import-unsupported-alias"
version = "0.1.0"
source = "path:fail/import_unsupported_alias"

[[package]]

name = "conformance-match-guard-not-supported"
version = "0.1.0"
source = "path:fail/match_guard_not_supported"

[[package]]
name = "conformance-move-while-mutably-borrowed"
version = "0.1.0"
source = "path:fail/move_while_mutably_borrowed"

[[package]]
name = "conformance-mutable-borrow-while-shared-live"
version = "0.1.0"
source = "path:fail/mutable_borrow_while_shared_live"

[[package]]
name = "conformance-named-nested-match-pattern-not-supported"
version = "0.1.0"
source = "path:fail/named_nested_match_pattern_not_supported"

[[package]]
name = "conformance-nested-match-pattern-not-supported"
version = "0.1.0"
source = "path:fail/nested_match_pattern_not_supported"

[[package]]
name = "conformance-ownership-across-dependency-boundary"
version = "0.1.0"
source = "path:fail/ownership_across_dependency_boundary"

[[package]]
name = "core"
version = "0.1.0"
source = "path:fail/ownership_across_dependency_boundary/deps/core"

[[package]]
name = "conformance-ownership-use-after-move"
version = "0.1.0"
source = "path:fail/ownership_use_after_move"

[[package]]
name = "conformance-package-visibility-dependency-boundary"
version = "0.1.0"
source = "path:fail/package_visibility_dependency_boundary"

[[package]]
name = "core"
version = "0.1.0"
source = "path:fail/package_visibility_dependency_boundary/deps/core"

[[package]]
name = "conformance-panic-rejects-multiple-arguments"
version = "0.1.0"
source = "path:fail/panic_rejects_multiple_arguments"

[[package]]
name = "conformance-panic-rejects-type-arguments"
version = "0.1.0"
source = "path:fail/panic_rejects_type_arguments"

[[package]]
name = "conformance-panic-rejects-unreachable-statement"
version = "0.1.0"
source = "path:fail/panic_rejects_unreachable_statement"

[[package]]
name = "conformance-panic-requires-single-argument"
version = "0.1.0"
source = "path:fail/panic_requires_single_argument"

[[package]]
name = "conformance-panic-requires-string-argument"
version = "0.1.0"
source = "path:fail/panic_requires_string_argument"

[[package]]
name = "conformance-rebind-owned-value-not-supported"
version = "0.1.0"
source = "path:fail/rebind_owned_value_not_supported"

[[package]]
name = "conformance-recursive-enum-without-indirection"
version = "0.1.0"
source = "path:fail/recursive_enum_without_indirection"

[[package]]
name = "conformance-recursive-mutual-struct-without-indirection"
version = "0.1.0"
source = "path:fail/recursive_mutual_struct_without_indirection"

[[package]]
name = "conformance-recursive-struct-enum-without-indirection"
version = "0.1.0"
source = "path:fail/recursive_struct_enum_without_indirection"

[[package]]
name = "conformance-recursive-struct-without-indirection"
version = "0.1.0"
source = "path:fail/recursive_struct_without_indirection"

[[package]]
name = "conformance-result-ok-without-context"
version = "0.1.0"
source = "path:fail/result_ok_without_context"

[[package]]
name = "conformance-shared-borrow-while-mutable-live"
version = "0.1.0"
source = "path:fail/shared_borrow_while_mutable_live"

[[package]]
name = "conformance-slice-type-alias-cycle"
version = "0.1.0"
source = "path:fail/slice_type_alias_cycle"

[[package]]
name = "conformance-stdlib-clock-without-capability"
version = "0.1.0"
source = "path:fail/stdlib_clock_without_capability"

[[package]]
name = "conformance-stdlib-fs-write-without-capability"
version = "0.1.0"
source = "path:fail/stdlib_fs_write_without_capability"

[[package]]
name = "conformance-string-borrow-local-return"
version = "0.1.0"
source = "path:fail/string_borrow_local_return"

[[package]]
name = "conformance-string-use-after-move"
version = "0.1.0"
source = "path:fail/string_use_after_move"

[[package]]
name = "conformance-closures"
version = "0.1.0"
source = "path:pass/closures"

[[package]]
name = "conformance-collection-lookup-helpers"
version = "0.1.0"
source = "path:pass/collection_lookup_helpers"

[[package]]
name = "conformance-collection-operations"
version = "0.1.0"
source = "path:pass/collection_operations"

[[package]]
name = "conformance-comparison-package-imports"
version = "0.1.0"
source = "path:pass/comparison_package_imports"

[[package]]
name = "conformance-comparison-package-resources"
version = "0.1.0"
source = "path:pass/comparison_package_resources"

[[package]]
name = "conformance-comparison-strict-typing"
version = "0.1.0"
source = "path:pass/comparison_strict_typing"

[[package]]
name = "conformance-functions-across-modules"
version = "0.1.0"
source = "path:pass/functions_across_modules"

[[package]]
name = "conformance-legacy-core-programs"
version = "0.1.0"
source = "path:pass/legacy_core_programs"

[[package]]
name = "conformance-outcome-control-flow"
version = "0.1.0"
source = "path:pass/outcome_control_flow"

[[package]]
name = "conformance-ownership-borrowing"
version = "0.1.0"
source = "path:pass/ownership_borrowing"

[[package]]
name = "borrow-core"
version = "0.1.0"
source = "path:pass/ownership_borrowing/deps/core"

[[package]]
name = "conformance-package-local-modules"
version = "0.1.0"
source = "path:pass/package_local_modules"

[[package]]
name = "conformance-package-visibility"
version = "0.1.0"
source = "path:pass/package_visibility"

[[package]]
name = "conformance-runtime-negative-diagnostics"
version = "0.1.0"
source = "path:pass/runtime_negative_diagnostics"

[[package]]
name = "conformance-slice-type-alias-in-option"
version = "0.1.0"
source = "path:pass/slice_type_alias_in_option"

[[package]]
name = "conformance-slice-type-alias-in-signature"
version = "0.1.0"
source = "path:pass/slice_type_alias_in_signature"

[[package]]
name = "conformance-slice-type-alias-in-struct"
version = "0.1.0"
source = "path:pass/slice_type_alias_in_struct"

[[package]]
name = "conformance-string-param-by-value"
version = "0.1.0"
source = "path:pass/string_param_by_value"

[[package]]
name = "conformance-struct-field-access"
version = "0.1.0"
source = "path:pass/struct_field_access"

[[package]]
name = "conformance-type-system-aggregates"
version = "0.1.0"
source = "path:pass/type_system_aggregates"
