version = 1

[[package]]
name = "conformance-borrow-escape-enum-payload"
version = "0.1.0"
source = "path:fail/borrow_escape_enum_payload"

[[package]]
name = "conformance-borrow-escape-option-payload"
version = "0.1.0"
source = "path:fail/borrow_escape_option_payload"

[[package]]
name = "conformance-borrow-escape-result-payload"
version = "0.1.0"
source = "path:fail/borrow_escape_result_payload"

[[package]]
name = "conformance-borrow-escape-struct-field"
version = "0.1.0"
source = "path:fail/borrow_escape_struct_field"

[[package]]
name = "conformance-borrow-escape-tuple-element"
version = "0.1.0"
source = "path:fail/borrow_escape_tuple_element"

[[package]]
name = "conformance-closure-borrowed-slice-return"
version = "0.1.0"
source = "path:fail/closure_borrowed_slice_return"

[[package]]
name = "conformance-closure-captures-function-callee"
version = "0.1.0"
source = "path:fail/closure_captures_function_callee"

[[package]]
name = "conformance-closure-move-captured-non-copy"
version = "0.1.0"
source = "path:fail/closure_move_captured_non_copy"

[[package]]
name = "conformance-comparison-owned-resource-move"
version = "0.1.0"
source = "path:fail/comparison_owned_resource_move"

[[package]]
name = "conformance-comparison-predictable-diagnostic"
version = "0.1.0"
source = "path:fail/comparison_predictable_diagnostic"

[[package]]
name = "conformance-comparison-strict-type-mismatch"
version = "0.1.0"
source = "path:fail/comparison_strict_type_mismatch"

[[package]]
name = "conformance-const-fn-host-runtime-call"
version = "0.1.0"
source = "path:fail/const_fn_host_runtime_call"

[[package]]
name = "conformance-double-mutable-borrow"
version = "0.1.0"
source = "path:fail/double_mutable_borrow"

[[package]]
name = "conformance-dyn-trait-not-supported"
version = "0.1.0"
source = "path:fail/dyn_trait_not_supported"

[[package]]
name = "conformance-ffi-call-without-capability"
version = "0.1.0"
source = "path:fail/ffi_call_without_capability"

[[package]]
name = "conformance-for-loop-requires-iteration-protocol"
version = "0.1.0"
source = "path:fail/for_loop_requires_iteration_protocol"

[[package]]
name = "conformance-generic-named-enum-constructor-mismatched-type-args"
version = "0.1.0"
source = "path:fail/generic_named_enum_constructor_mismatched_type_args"

[[package]]
name = "conformance-generic-named-enum-constructor-missing-type-args"
version = "0.1.0"
source = "path:fail/generic_named_enum_constructor_missing_type_args"

[[package]]
name = "conformance-generic-struct-constructor-extra-type-args"
version = "0.1.0"
source = "path:fail/generic_struct_constructor_extra_type_args"

[[package]]
name = "conformance-generic-struct-constructor-mismatched-type-args"
version = "0.1.0"
source = "path:fail/generic_struct_constructor_mismatched_type_args"

[[package]]
name = "conformance-generic-struct-constructor-missing-type-args"
version = "0.1.0"
source = "path:fail/generic_struct_constructor_missing_type_args"

[[package]]
name = "conformance-generic-tuple-enum-constructor-type-args"
version = "0.1.0"
source = "path:fail/generic_tuple_enum_constructor_type_args"

[[package]]
name = "conformance-import-cycle"
version = "0.1.0"
source = "path:fail/import_cycle"

[[package]]
name = "conformance-import-duplicate-export"
version = "0.1.0"
source = "path:fail/import_duplicate_export"

[[package]]
name = "conformance-import-missing-module"
version = "0.1.0"
source = "path:fail/import_missing_module"

[[package]]
name = "conformance-import-path-escape"
version = "0.1.0"
source = "path:fail/import_path_escape"

[[package]]
name = "conformance-import-reserved-namespace"
version = "0.1.0"
source = "path:fail/import_reserved_namespace"

[[package]]
name = "conformance-import-unsupported-alias"
version = "0.1.0"
source = "path:fail/import_unsupported_alias"

[[package]]
name = "conformance-lowercase-const-match-pattern"
version = "0.1.0"
source = "path:fail/lowercase_const_match_pattern"

[[package]]
name = "conformance-macro-missing-argument"
version = "0.1.0"
source = "path:fail/macro_missing_argument"

[[package]]
name = "conformance-macro-recursion-limit"
version = "0.1.0"
source = "path:fail/macro_recursion_limit"

[[package]]
name = "conformance-match-expression-arm-move-state"
version = "0.1.0"
source = "path:fail/match_expression_arm_move_state"

[[package]]
name = "conformance-match-expression-arm-type-mismatch"
version = "0.1.0"
source = "path:fail/match_expression_arm_type_mismatch"

[[package]]
name = "conformance-match-expression-non-exhaustive"
version = "0.1.0"
source = "path:fail/match_expression_non_exhaustive"

[[package]]
name = "conformance-match-guard-not-supported"
version = "0.1.0"
source = "path:fail/match_guard_not_supported"

[[package]]
name = "conformance-move-while-mutably-borrowed"
version = "0.1.0"
source = "path:fail/move_while_mutably_borrowed"

[[package]]
name = "conformance-mutable-borrow-double-mut"
version = "0.1.0"
source = "path:fail/mutable_borrow_double_mut"

[[package]]
name = "conformance-mutable-borrow-mut-plus-shared"
version = "0.1.0"
source = "path:fail/mutable_borrow_mut_plus_shared"

[[package]]
name = "conformance-mutable-borrow-overlapping-slice-mut"
version = "0.1.0"
source = "path:fail/mutable_borrow_overlapping_slice_mut"

[[package]]
name = "conformance-mutable-borrow-use-after-borrow"
version = "0.1.0"
source = "path:fail/mutable_borrow_use_after_borrow"

[[package]]
name = "conformance-mutable-borrow-while-shared-live"
version = "0.1.0"
source = "path:fail/mutable_borrow_while_shared_live"

[[package]]
name = "conformance-mutable-borrow-whole-then-projection"
version = "0.1.0"
source = "path:fail/mutable_borrow_whole_then_projection"

[[package]]
name = "conformance-mutable-call-boundary-move"
version = "0.1.0"
source = "path:fail/mutable_call_boundary_move"

[[package]]
name = "conformance-mutable-local-borrow-copy-use-after-borrow"
version = "0.1.0"
source = "path:fail/mutable_local_borrow_copy_use_after_borrow"

[[package]]
name = "conformance-mutable-local-borrow-use-after-borrow"
version = "0.1.0"
source = "path:fail/mutable_local_borrow_use_after_borrow"

[[package]]
name = "conformance-mutable-projection-overlap"
version = "0.1.0"
source = "path:fail/mutable_projection_overlap"

[[package]]
name = "conformance-mutable-projection-whole-move"
version = "0.1.0"
source = "path:fail/mutable_projection_whole_move"

[[package]]
name = "conformance-named-nested-match-pattern-not-supported"
version = "0.1.0"
source = "path:fail/named_nested_match_pattern_not_supported"

[[package]]
name = "conformance-nested-match-pattern-not-supported"
version = "0.1.0"
source = "path:fail/nested_match_pattern_not_supported"

[[package]]
name = "conformance-net-socket-host-allowlist-rejects-peer"
version = "0.1.0"
source = "path:fail/net_socket_host_allowlist_rejects_peer"

[[package]]
name = "conformance-net-socket-port-allowlist-rejects-bind"
version = "0.1.0"
source = "path:fail/net_socket_port_allowlist_rejects_bind"

[[package]]
name = "conformance-numeric-float-mixed-width-add"
version = "0.1.0"
source = "path:fail/numeric_float_mixed_width_add"

[[package]]
name = "conformance-numeric-literal-suffix-mismatch"
version = "0.1.0"
source = "path:fail/numeric_literal_suffix_mismatch"

[[package]]
name = "conformance-ownership-across-dependency-boundary"
version = "0.1.0"
source = "path:fail/ownership_across_dependency_boundary"

[[package]]
name = "core"
version = "0.1.0"
source = "path:fail/ownership_across_dependency_boundary/deps/core"

[[package]]
name = "conformance-ownership-use-after-move"
version = "0.1.0"
source = "path:fail/ownership_use_after_move"

[[package]]
name = "conformance-package-visibility-dependency-boundary"
version = "0.1.0"
source = "path:fail/package_visibility_dependency_boundary"

[[package]]
name = "core"
version = "0.1.0"
source = "path:fail/package_visibility_dependency_boundary/deps/core"

[[package]]
name = "conformance-panic-rejects-multiple-arguments"
version = "0.1.0"
source = "path:fail/panic_rejects_multiple_arguments"

[[package]]
name = "conformance-panic-rejects-type-arguments"
version = "0.1.0"
source = "path:fail/panic_rejects_type_arguments"

[[package]]
name = "conformance-panic-rejects-unreachable-statement"
version = "0.1.0"
source = "path:fail/panic_rejects_unreachable_statement"

[[package]]
name = "conformance-panic-requires-single-argument"
version = "0.1.0"
source = "path:fail/panic_requires_single_argument"

[[package]]
name = "conformance-panic-requires-string-argument"
version = "0.1.0"
source = "path:fail/panic_requires_string_argument"

[[package]]
name = "conformance-projection-overlap-struct-field"
version = "0.1.0"
source = "path:fail/projection_overlap_struct_field"

[[package]]
name = "conformance-projection-overlap-tuple"
version = "0.1.0"
source = "path:fail/projection_overlap_tuple"

[[package]]
name = "conformance-projection-overlap-via-whole-value"
version = "0.1.0"
source = "path:fail/projection_overlap_via_whole_value"

[[package]]
name = "conformance-rebind-owned-value-not-supported"
version = "0.1.0"
source = "path:fail/rebind_owned_value_not_supported"

[[package]]
name = "conformance-recursive-enum-without-indirection"
version = "0.1.0"
source = "path:fail/recursive_enum_without_indirection"

[[package]]
name = "conformance-recursive-mutual-struct-without-indirection"
version = "0.1.0"
source = "path:fail/recursive_mutual_struct_without_indirection"

[[package]]
name = "conformance-recursive-struct-enum-without-indirection"
version = "0.1.0"
source = "path:fail/recursive_struct_enum_without_indirection"

[[package]]
name = "conformance-recursive-struct-without-indirection"
version = "0.1.0"
source = "path:fail/recursive_struct_without_indirection"

[[package]]
name = "conformance-result-ok-without-context"
version = "0.1.0"
source = "path:fail/result_ok_without_context"

[[package]]
name = "conformance-shared-borrow-while-mutable-live"
version = "0.1.0"
source = "path:fail/shared_borrow_while_mutable_live"

[[package]]
name = "conformance-slice-type-alias-cycle"
version = "0.1.0"
source = "path:fail/slice_type_alias_cycle"

[[package]]
name = "conformance-stdlib-async-without-capability"
version = "0.1.0"
source = "path:fail/stdlib_async_without_capability"

[[package]]
name = "conformance-stdlib-clock-without-capability"
version = "0.1.0"
source = "path:fail/stdlib_clock_without_capability"

[[package]]
name = "conformance-stdlib-crypto-aead-without-capability"
version = "0.1.0"
source = "path:fail/stdlib_crypto_aead_without_capability"

[[package]]
name = "conformance-stdlib-crypto-hash-without-capability"
version = "0.1.0"
source = "path:fail/stdlib_crypto_hash_without_capability"

[[package]]
name = "conformance-stdlib-crypto-mac-without-capability"
version = "0.1.0"
source = "path:fail/stdlib_crypto_mac_without_capability"

[[package]]
name = "conformance-stdlib-crypto-rand-without-capability"
version = "0.1.0"
source = "path:fail/stdlib_crypto_rand_without_capability"

[[package]]
name = "conformance-stdlib-crypto-sign-without-capability"
version = "0.1.0"
source = "path:fail/stdlib_crypto_sign_without_capability"

[[package]]
name = "conformance-stdlib-env-without-capability"
version = "0.1.0"
source = "path:fail/stdlib_env_without_capability"

[[package]]
name = "conformance-stdlib-fs-read-without-capability"
version = "0.1.0"
source = "path:fail/stdlib_fs_read_without_capability"

[[package]]
name = "conformance-stdlib-fs-write-without-capability"
version = "0.1.0"
source = "path:fail/stdlib_fs_write_without_capability"

[[package]]
name = "conformance-stdlib-http-async-without-capability"
version = "0.1.0"
source = "path:fail/stdlib_http_async_without_capability"

[[package]]
name = "conformance-stdlib-http-client-without-capability"
version = "0.1.0"
source = "path:fail/stdlib_http_client_without_capability"

[[package]]
name = "conformance-stdlib-http-server-without-capability"
version = "0.1.0"
source = "path:fail/stdlib_http_server_without_capability"

[[package]]
name = "conformance-stdlib-net-dns-without-capability"
version = "0.1.0"
source = "path:fail/stdlib_net_dns_without_capability"

[[package]]
name = "conformance-stdlib-net-tcp-without-capability"
version = "0.1.0"
source = "path:fail/stdlib_net_tcp_without_capability"

[[package]]
name = "conformance-stdlib-net-udp-without-capability"
version = "0.1.0"
source = "path:fail/stdlib_net_udp_without_capability"

[[package]]
name = "conformance-stdlib-process-without-capability"
version = "0.1.0"
source = "path:fail/stdlib_process_without_capability"

[[package]]
name = "conformance-string-borrow-local-return"
version = "0.1.0"
source = "path:fail/string_borrow_local_return"

[[package]]
name = "conformance-string-byte-at-type-mismatch"
version = "0.1.0"
source = "path:fail/string_byte_at_type_mismatch"

[[package]]
name = "conformance-string-contains-type-mismatch"
version = "0.1.0"
source = "path:fail/string_contains_type_mismatch"

[[package]]
name = "conformance-string-use-after-move"
version = "0.1.0"
source = "path:fail/string_use_after_move"

[[package]]
name = "conformance-trait-aggregate-missing-impl"
version = "0.1.0"
source = "path:fail/trait_aggregate_missing_impl"

[[package]]
name = "conformance-trait-duplicate-impl"
version = "0.1.0"
source = "path:fail/trait_duplicate_impl"

[[package]]
name = "conformance-trait-missing-impl"
version = "0.1.0"
source = "path:fail/trait_missing_impl"

[[package]]
name = "conformance-trait-missing-method"
version = "0.1.0"
source = "path:fail/trait_missing_method"

[[package]]
name = "conformance-trait-signature-mismatch"
version = "0.1.0"
source = "path:fail/trait_signature_mismatch"

[[package]]
name = "conformance-trait-type-position-not-supported"
version = "0.1.0"
source = "path:fail/trait_type_position_not_supported"

[[package]]
name = "conformance-trait-unbound-local-method-call"
version = "0.1.0"
source = "path:fail/trait_unbound_local_method_call"

[[package]]
name = "conformance-trait-unbound-method-call"
version = "0.1.0"
source = "path:fail/trait_unbound_method_call"

[[package]]
name = "conformance-trait-unbound-projected-method-call"
version = "0.1.0"
source = "path:fail/trait_unbound_projected_method_call"

[[package]]
name = "conformance-borrow-return-elision"
version = "0.1.0"
source = "path:pass/borrow_return_elision"

[[package]]
name = "conformance-closures"
version = "0.1.0"
source = "path:pass/closures"

[[package]]
name = "conformance-collection-lookup-helpers"
version = "0.1.0"
source = "path:pass/collection_lookup_helpers"

[[package]]
name = "conformance-collection-operations"
version = "0.1.0"
source = "path:pass/collection_operations"

[[package]]
name = "conformance-comparison-package-imports"
version = "0.1.0"
source = "path:pass/comparison_package_imports"

[[package]]
name = "conformance-comparison-package-resources"
version = "0.1.0"
source = "path:pass/comparison_package_resources"

[[package]]
name = "conformance-comparison-strict-typing"
version = "0.1.0"
source = "path:pass/comparison_strict_typing"

[[package]]
name = "conformance-const-match-patterns"
version = "0.1.0"
source = "path:pass/const_match_patterns"

[[package]]
name = "conformance-crypto-aead-roundtrip"
version = "0.1.0"
source = "path:pass/crypto_aead_roundtrip"

[[package]]
name = "conformance-crypto-constant-time"
version = "0.1.0"
source = "path:pass/crypto_constant_time"

[[package]]
name = "conformance-crypto-ed25519-sign-verify"
version = "0.1.0"
source = "path:pass/crypto_ed25519_sign_verify"

[[package]]
name = "conformance-declarative-macros"
version = "0.1.0"
source = "path:pass/declarative_macros"

[[package]]
name = "conformance-functions-across-modules"
version = "0.1.0"
source = "path:pass/functions_across_modules"

[[package]]
name = "conformance-legacy-core-programs"
version = "0.1.0"
source = "path:pass/legacy_core_programs"

[[package]]
name = "conformance-line-comments"
version = "0.1.0"
source = "path:pass/line_comments"

[[package]]
name = "conformance-mutable-call-boundaries"
version = "0.1.0"
source = "path:pass/mutable_call_boundaries"

[[package]]
name = "conformance-mutable-local-borrow-write-through"
version = "0.1.0"
source = "path:pass/mutable_local_borrow_write_through"

[[package]]
name = "conformance-mutable-match-expression-bindings"
version = "0.1.0"
source = "path:pass/mutable_match_expression_bindings"

[[package]]
name = "conformance-mutable-projection-borrows"
version = "0.1.0"
source = "path:pass/mutable_projection_borrows"

[[package]]
name = "conformance-mutable-slice-write-through"
version = "0.1.0"
source = "path:pass/mutable_slice_write_through"

[[package]]
name = "conformance-net-socket-localhost-allowlist"
version = "0.1.0"
source = "path:pass/net_socket_localhost_allowlist"

[[package]]
name = "conformance-net-tcp-echo"
version = "0.1.0"
source = "path:pass/net_tcp_echo"

[[package]]
name = "conformance-net-udp-datagram"
version = "0.1.0"
source = "path:pass/net_udp_datagram"

[[package]]
name = "conformance-never-control-flow"
version = "0.1.0"
source = "path:pass/never_control_flow"

[[package]]
name = "conformance-numeric-cross-width-casts"
version = "0.1.0"
source = "path:pass/numeric_cross_width_casts"

[[package]]
name = "conformance-numeric-float-mean"
version = "0.1.0"
source = "path:pass/numeric_float_mean"

[[package]]
name = "conformance-numeric-literal-suffixes"
version = "0.1.0"
source = "path:pass/numeric_literal_suffixes"

[[package]]
name = "conformance-outcome-control-flow"
version = "0.1.0"
source = "path:pass/outcome_control_flow"

[[package]]
name = "conformance-ownership-borrowing"
version = "0.1.0"
source = "path:pass/ownership_borrowing"

[[package]]
name = "borrow-core"
version = "0.1.0"
source = "path:pass/ownership_borrowing/deps/core"

[[package]]
name = "conformance-package-local-modules"
version = "0.1.0"
source = "path:pass/package_local_modules"

[[package]]
name = "conformance-package-visibility"
version = "0.1.0"
source = "path:pass/package_visibility"

[[package]]
name = "conformance-projection-struct-disjoint"
version = "0.1.0"
source = "path:pass/projection_struct_disjoint"

[[package]]
name = "conformance-projection-tuple-disjoint"
version = "0.1.0"
source = "path:pass/projection_tuple_disjoint"

[[package]]
name = "conformance-runtime-loop-bodies"
version = "0.1.0"
source = "path:pass/runtime_loop_bodies"

[[package]]
name = "conformance-runtime-negative-diagnostics"
version = "0.1.0"
source = "path:pass/runtime_negative_diagnostics"

[[package]]
name = "conformance-slice-type-alias-in-option"
version = "0.1.0"
source = "path:pass/slice_type_alias_in_option"

[[package]]
name = "conformance-slice-type-alias-in-signature"
version = "0.1.0"
source = "path:pass/slice_type_alias_in_signature"

[[package]]
name = "conformance-slice-type-alias-in-struct"
version = "0.1.0"
source = "path:pass/slice_type_alias_in_struct"

[[package]]
name = "conformance-stdlib-io-stdin"
version = "0.1.0"
source = "path:pass/stdlib_io_stdin"

[[package]]
name = "conformance-string-byte-at"
version = "0.1.0"
source = "path:pass/string_byte_at"

[[package]]
name = "conformance-string-contains"
version = "0.1.0"
source = "path:pass/string_contains"

[[package]]
name = "conformance-string-local-reassignment"
version = "0.1.0"
source = "path:pass/string_local_reassignment"

[[package]]
name = "conformance-string-param-by-value"
version = "0.1.0"
source = "path:pass/string_param_by_value"

[[package]]
name = "conformance-struct-field-access"
version = "0.1.0"
source = "path:pass/struct_field_access"

[[package]]
name = "conformance-trait-bounded-aggregate"
version = "0.1.0"
source = "path:pass/trait_bounded_aggregate"

[[package]]
name = "conformance-trait-declaration-syntax"
version = "0.1.0"
source = "path:pass/trait_declaration_syntax"

[[package]]
name = "conformance-trait-eq-user-type"
version = "0.1.0"
source = "path:pass/trait_eq_user_type"

[[package]]
name = "conformance-trait-multibound"
version = "0.1.0"
source = "path:pass/trait_multibound"

[[package]]
name = "conformance-type-system-aggregates"
version = "0.1.0"
source = "path:pass/type_system_aggregates"

[[package]]
name = "conformance-typed-match-expressions"
version = "0.1.0"
source = "path:pass/typed_match_expressions"
